Microsoft Visual Studio Solution File, Format Version 12.00
# Visual Studio Version 17
VisualStudioVersion = 17.5.2.0
MinimumVisualStudioVersion = 10.0.40219.1
Project("{FAE04EC0-301F-11D3-BF4B-00C04F79EFBC}") = "Abjjad", "Abjjad\Abjjad.csproj", "{DFD3A877-F31C-7C8C-9DE8-70282810BE5A}"
EndProject
Project("{FAE04EC0-301F-11D3-BF4B-00C04F79EFBC}") = "AbjjadTests", "AbjjadTests\AbjjadTests.csproj", "{10606639-62E3-430E-BA75-604CD50560D3}"
EndProject
Global
	GlobalSection(SolutionConfigurationPlatforms) = preSolution
		Debug|Any CPU = Debug|Any CPU
		Release|Any CPU = Release|Any CPU
	EndGlobalSection
	GlobalSection(ProjectConfigurationPlatforms) = postSolution
		{DFD3A877-F31C-7C8C-9DE8-70282810BE5A}.Debug|Any CPU.ActiveCfg = Debug|Any CPU
		{DFD3A877-F31C-7C8C-9DE8-70282810BE5A}.Debug|Any CPU.Build.0 = Debug|Any CPU
		{DFD3A877-F31C-7C8C-9DE8-70282810BE5A}.Release|Any CPU.ActiveCfg = Release|Any CPU
		{DFD3A877-F31C-7C8C-9DE8-70282810BE5A}.Release|Any CPU.Build.0 = Release|Any CPU
		{10606639-62E3-430E-BA75-604CD50560D3}.Debug|Any CPU.ActiveCfg = Debug|Any CPU
		{10606639-62E3-430E-BA75-604CD50560D3}.Debug|Any CPU.Build.0 = Debug|Any CPU
		{10606639-62E3-430E-BA75-604CD50560D3}.Release|Any CPU.ActiveCfg = Release|Any CPU
		{10606639-62E3-430E-BA75-604CD50560D3}.Release|Any CPU.Build.0 = Release|Any CPU
	EndGlobalSection
	GlobalSection(SolutionProperties) = preSolution
		HideSolutionNode = FALSE
	EndGlobalSection
	GlobalSection(ExtensibilityGlobals) = postSolution
		SolutionGuid = {C4BEB551-442A-47FB-A487-1CDCDC61810A}
	EndGlobalSection
EndGlobal
